
Microsoft Visual Studio Solution File, Format Version 12.00
# Visual Studio Version 16
VisualStudioVersion = 16.0.28803.452
MinimumVisualStudioVersion = 10.0.40219.1
Project("{FAE04EC0-301F-11D3-BF4B-00C04F79EFBC}") = "WpfApp3", "WpfApp3\WpfApp3.csproj", "{195F8671-05F8-4C63-9869-5FC8947C41CE}"
EndProject
Global
	GlobalSection(SolutionConfigurationPlatforms) = preSolution
		Debug|Any CPU = Debug|Any CPU
		Release|Any CPU = Release|Any CPU
	EndGlobalSection
	GlobalSection(ProjectConfigurationPlatforms) = postSolution
		{195F8671-05F8-4C63-9869-5FC8947C41CE}.Debug|Any CPU.ActiveCfg = Debug|Any CPU
		{195F8671-05F8-4C63-9869-5FC8947C41CE}.Debug|Any CPU.Build.0 = Debug|Any CPU
		{195F8671-05F8-4C63-9869-5FC8947C41CE}.Release|Any CPU.ActiveCfg = Release|Any CPU
		{195F8671-05F8-4C63-9869-5FC8947C41CE}.Release|Any CPU.Build.0 = Release|Any CPU
	EndGlobalSection
	GlobalSection(SolutionProperties) = preSolution
		HideSolutionNode = FALSE
	EndGlobalSection
	GlobalSection(ExtensibilityGlobals) = postSolution
		SolutionGuid = {451C8B03-EAE7-494C-9B97-65469878A072}
	EndGlobalSection
EndGlobal
